// !$*UTF8*$!
{
	archiveVersion = 1;
	classes = {
	};
	objectVersion = 46;
	objects = {

/* Begin PBXBuildFile section */
		AC1BC8031E77870D0095276D /* AppDelegate.swift in Sources */ = {isa = PBXBuildFile; fileRef = AC1BC8021E77870D0095276D /* AppDelegate.swift */; };
		AC1BC8051E77870D0095276D /* ViewController.swift in Sources */ = {isa = PBXBuildFile; fileRef = AC1BC8041E77870D0095276D /* ViewController.swift */; };
		AC1BC8081E77870D0095276D /* Main.storyboard in Resources */ = {isa = PBXBuildFile; fileRef = AC1BC8061E77870D0095276D /* Main.storyboard */; };
		AC1BC80A1E77870D0095276D /* Assets.xcassets in Resources */ = {isa = PBXBuildFile; fileRef = AC1BC8091E77870D0095276D /* Assets.xcassets */; };
		AC1BC80D1E77870D0095276D /* LaunchScreen.storyboard in Resources */ = {isa = PBXBuildFile; fileRef = AC1BC80B1E77870D0095276D /* LaunchScreen.storyboard */; };
		AC4838BC1E7AE5040049723E /* BucketList.xcdatamodeld in Sources */ = {isa = PBXBuildFile; fileRef = AC4838BA1E7AE5040049723E /* BucketList.xcdatamodeld */; };
		ACA407F81E789D08003D07F5 /* AddItemTableViewController.swift in Sources */ = {isa = PBXBuildFile; fileRef = ACA407F71E789D08003D07F5 /* AddItemTableViewController.swift */; };
		ACA407FE1E78C95C003D07F5 /* AddItemTableViewControllerDelegate.swift in Sources */ = {isa = PBXBuildFile; fileRef = ACA407FD1E78C95C003D07F5 /* AddItemTableViewControllerDelegate.swift */; };
/* End PBXBuildFile section */

/* Begin PBXFileReference section */
		AC1BC7FF1E77870D0095276D /* bucketList.app */ = {isa = PBXFileReference; explicitFileType = wrapper.application; includeInIndex = 0; path = bucketList.app; sourceTree = BUILT_PRODUCTS_DIR; };
		AC1BC8021E77870D0095276D /* AppDelegate.swift */ = {isa = PBXFileReference; lastKnownFileType = sourcecode.swift; path = AppDelegate.swift; sourceTree = "<group>"; };
		AC1BC8041E77870D0095276D /* ViewController.swift */ = {isa = PBXFileReference; lastKnownFileType = sourcecode.swift; path = ViewController.swift; sourceTree = "<group>"; };
		AC1BC8071E77870D0095276D /* Base */ = {isa = PBXFileReference; lastKnownFileType = file.storyboard; name = Base; path = Base.lproj/Main.storyboard; sourceTree = "<group>"; };
		AC1BC8091E77870D0095276D /* Assets.xcassets */ = {isa = PBXFileReference; lastKnownFileType = folder.assetcatalog; path = Assets.xcassets; sourceTree = "<group>"; };
		AC1BC80C1E77870D0095276D /* Base */ = {isa = PBXFileReference; lastKnownFileType = file.storyboard; name = Base; path = Base.lproj/LaunchScreen.storyboard; sourceTree = "<group>"; };
		AC1BC80E1E77870D0095276D /* Info.plist */ = {isa = PBXFileReference; lastKnownFileType = text.plist.xml; path = Info.plist; sourceTree = "<group>"; };
		AC4838BB1E7AE5040049723E /* BucketList.xcdatamodel */ = {isa = PBXFileReference; lastKnownFileType = wrapper.xcdatamodel; path = BucketList.xcdatamodel; sourceTree = "<group>"; };
		ACA407F71E789D08003D07F5 /* AddItemTableViewController.swift */ = {isa = PBXFileReference; fileEncoding = 4; lastKnownFileType = sourcecode.swift; name = AddItemTableViewController.swift; path = ../AddItemTableViewController.swift; sourceTree = "<group>"; };
		ACA407FD1E78C95C003D07F5 /* AddItemTableViewControllerDelegate.swift */ = {isa = PBXFileReference; fileEncoding = 4; lastKnownFileType = sourcecode.swift; name = AddItemTableViewControllerDelegate.swift; path = ../AddItemTableViewControllerDelegate.swift; sourceTree = "<group>"; };
/* End PBXFileReference section */

/* Begin PBXFrameworksBuildPhase section */
		AC1BC7FC1E77870D0095276D /* Frameworks */ = {
			isa = PBXFrameworksBuildPhase;
			buildActionMask = 2147483647;
			files = (
			);
			runOnlyForDeploymentPostprocessing = 0;
		};
/* End PBXFrameworksBuildPhase section */

/* Begin PBXGroup section */
		AC1BC7F61E77870D0095276D = {
			isa = PBXGroup;
			children = (
				AC1BC8011E77870D0095276D /* bucketList */,
				AC1BC8001E77870D0095276D /* Products */,
			);
			sourceTree = "<group>";
		};
		AC1BC8001E77870D0095276D /* Products */ = {
			isa = PBXGroup;
			children = (
				AC1BC7FF1E77870D0095276D /* bucketList.app */,
			);
			name = Products;
			sourceTree = "<group>";
		};
		AC1BC8011E77870D0095276D /* bucketList */ = {
			isa = PBXGroup;
			children = (
				AC1BC8021E77870D0095276D /* AppDelegate.swift */,
				AC4838BA1E7AE5040049723E /* BucketList.xcdatamodeld */,
				AC1BC8041E77870D0095276D /* ViewController.swift */,
				ACA407F71E789D08003D07F5 /* AddItemTableViewController.swift */,
				ACA407FD1E78C95C003D07F5 /* AddItemTableViewControllerDelegate.swift */,
				AC1BC8061E77870D0095276D /* Main.storyboard */,
				AC1BC8091E77870D0095276D /* Assets.xcassets */,
				AC1BC80B1E77870D0095276D /* LaunchScreen.storyboard */,
				AC1BC80E1E77870D0095276D /* Info.plist */,
			);
			path = bucketList;
			sourceTree = "<group>";
		};
/* End PBXGroup section */

/* Begin PBXNativeTarget section */
		AC1BC7FE1E77870D0095276D /* bucketList */ = {
			isa = PBXNativeTarget;
			buildConfigurationList = AC1BC8111E77870D0095276D /* Build configuration list for PBXNativeTarget "bucketList" */;
			buildPhases = (
				AC1BC7FB1E77870D0095276D /* Sources */,
				AC1BC7FC1E77870D0095276D /* Frameworks */,
				AC1BC7FD1E77870D0095276D /* Resources */,
			);
			buildRules = (
			);
			dependencies = (
			);
			name = bucketList;
			productName = bucketList;
			productReference = AC1BC7FF1E77870D0095276D /* bucketList.app */;
			productType = "com.apple.product-type.application";
		};
/* End PBXNativeTarget section */

/* Begin PBXProject section */
		AC1BC7F71E77870D0095276D /* Project object */ = {
			isa = PBXProject;
			attributes = {
				LastSwiftUpdateCheck = 0820;
				LastUpgradeCheck = 0820;
				ORGANIZATIONNAME = "Paul Binneboese";
				TargetAttributes = {
					AC1BC7FE1E77870D0095276D = {
						CreatedOnToolsVersion = 8.2.1;
						DevelopmentTeam = P3H2N7399X;
						ProvisioningStyle = Automatic;
					};
				};
			};
			buildConfigurationList = AC1BC7FA1E77870D0095276D /* Build configuration list for PBXProject "bucketList" */;
			compatibilityVersion = "Xcode 3.2";
			developmentRegion = English;
			hasScannedForEncodings = 0;
			knownRegions = (
				en,
				Base,
			);
			mainGroup = AC1BC7F61E77870D0095276D;
			productRefGroup = AC1BC8001E77870D0095276D /* Products */;
			projectDirPath = "";
			projectRoot = "";
			targets = (
				AC1BC7FE1E77870D0095276D /* bucketList */,
			);
		};
/* End PBXProject section */

/* Begin PBXResourcesBuildPhase section */
		AC1BC7FD1E77870D0095276D /* Resources */ = {
			isa = PBXResourcesBuildPhase;
			buildActionMask = 2147483647;
			files = (
				AC1BC80D1E77870D0095276D /* LaunchScreen.storyboard in Resources */,
				AC1BC80A1E77870D0095276D /* Assets.xcassets in Resources */,
				AC1BC8081E77870D0095276D /* Main.storyboard in Resources */,
			);
			runOnlyForDeploymentPostprocessing = 0;
		};
/* End PBXResourcesBuildPhase section */

/* Begin PBXSourcesBuildPhase section */
		AC1BC7FB1E77870D0095276D /* Sources */ = {
			isa = PBXSourcesBuildPhase;
			buildActionMask = 2147483647;
			files = (
				AC1BC8051E77870D0095276D /* ViewController.swift in Sources */,
				AC1BC8031E77870D0095276D /* AppDelegate.swift in Sources */,
				ACA407F81E789D08003D07F5 /* AddItemTableViewController.swift in Sources */,
				ACA407FE1E78C95C003D07F5 /* AddItemTableViewControllerDelegate.swift in Sources */,
				AC4838BC1E7AE5040049723E /* BucketList.xcdatamodeld in Sources */,
			);
			runOnlyForDeploymentPostprocessing = 0;
		};
/* End PBXSourcesBuildPhase section */

/* Begin PBXVariantGroup section */
		AC1BC8061E77870D0095276D /* Main.storyboard */ = {
			isa = PBXVariantGroup;
			children = (
				AC1BC8071E77870D0095276D /* Base */,
			);
			name = Main.storyboard;
			sourceTree = "<group>";
		};
		AC1BC80B1E77870D0095276D /* LaunchScreen.storyboard */ = {
			isa = PBXVariantGroup;
			children = (
				AC1BC80C1E77870D0095276D /* Base */,
			);
			name = LaunchScreen.storyboard;
			sourceTree = "<group>";
		};
/* End PBXVariantGroup section */

/* Begin XCBuildConfiguration section */
		AC1BC80F1E77870D0095276D /* Debug */ = {
			isa = XCBuildConfiguration;
			buildSettings = {
				ALWAYS_SEARCH_USER_PATHS = NO;
				CLANG_ANALYZER_NONNULL = YES;
				CLANG_CXX_LANGUAGE_STANDARD = "gnu++0x";
				CLANG_CXX_LIBRARY = "libc++";
				CLANG_ENABLE_MODULES = YES;
				CLANG_ENABLE_OBJC_ARC = YES;
				CLANG_WARN_BOOL_CONVERSION = YES;
				CLANG_WARN_CONSTANT_CONVERSION = YES;
				CLANG_WARN_DIRECT_OBJC_ISA_USAGE = YES_ERROR;
				CLANG_WARN_DOCUMENTATION_COMMENTS = YES;
				CLANG_WARN_EMPTY_BODY = YES;
				CLANG_WARN_ENUM_CONVERSION = YES;
				CLANG_WARN_INFINITE_RECURSION = YES;
				CLANG_WARN_INT_CONVERSION = YES;
				CLANG_WARN_OBJC_ROOT_CLASS = YES_ERROR;
				CLANG_WARN_SUSPICIOUS_MOVE = YES;
				CLANG_WARN_UNREACHABLE_CODE = YES;
				CLANG_WARN__DUPLICATE_METHOD_MATCH = YES;
				"CODE_SIGN_IDENTITY[sdk=iphoneos*]" = "iPhone Developer";
				COPY_PHASE_STRIP = NO;
				DEBUG_INFORMATION_FORMAT = dwarf;
				ENABLE_STRICT_OBJC_MSGSEND = YES;
				ENABLE_TESTABILITY = YES;
				GCC_C_LANGUAGE_STANDARD = gnu99;
				GCC_DYNAMIC_NO_PIC = NO;
				GCC_NO_COMMON_BLOCKS = YES;
				GCC_OPTIMIZATION_LEVEL = 0;
				GCC_PREPROCESSOR_DEFINITIONS = (
					"DEBUG=1",
					"$(inherited)",
				);
				GCC_WARN_64_TO_32_BIT_CONVERSION = YES;
				GCC_WARN_ABOUT_RETURN_TYPE = YES_ERROR;
				GCC_WARN_UNDECLARED_SELECTOR = YES;
				GCC_WARN_UNINITIALIZED_AUTOS = YES_AGGRESSIVE;
				GCC_WARN_UNUSED_FUNCTION = YES;
				GCC_WARN_UNUSED_VARIABLE = YES;
				IPHONEOS_DEPLOYMENT_TARGET = 10.2;
				MTL_ENABLE_DEBUG_INFO = YES;
				ONLY_ACTIVE_ARCH = YES;
				SDKROOT = iphoneos;
				SWIFT_ACTIVE_COMPILATION_CONDITIONS = DEBUG;
				SWIFT_OPTIMIZATION_LEVEL = "-Onone";
				TARGETED_DEVICE_FAMILY = "1,2";
			};
			name = Debug;
		};
		AC1BC8101E77870D0095276D /* Release */ = {
			isa = XCBuildConfiguration;
			buildSettings = {
				ALWAYS_SEARCH_USER_PATHS = NO;
				CLANG_ANALYZER_NONNULL = YES;
				CLANG_CXX_LANGUAGE_STANDARD = "gnu++0x";
				CLANG_CXX_LIBRARY = "libc++";
				CLANG_ENABLE_MODULES = YES;
				CLANG_ENABLE_OBJC_ARC = YES;
				CLANG_WARN_BOOL_CONVERSION = YES;
				CLANG_WARN_CONSTANT_CONVERSION = YES;
				CLANG_WARN_DIRECT_OBJC_ISA_USAGE = YES_ERROR;
				CLANG_WARN_DOCUMENTATION_COMMENTS = YES;
				CLANG_WARN_EMPTY_BODY = YES;
				CLANG_WARN_ENUM_CONVERSION = YES;
				CLANG_WARN_INFINITE_RECURSION = YES;
				CLANG_WARN_INT_CONVERSION = YES;
				CLANG_WARN_OBJC_ROOT_CLASS = YES_ERROR;
				CLANG_WARN_SUSPICIOUS_MOVE = YES;
				CLANG_WARN_UNREACHABLE_CODE = YES;
				CLANG_WARN__DUPLICATE_METHOD_MATCH = YES;
				"CODE_SIGN_IDENTITY[sdk=iphoneos*]" = "iPhone Developer";
				COPY_PHASE_STRIP = NO;
				DEBUG_INFORMATION_FORMAT = "dwarf-with-dsym";
				ENABLE_NS_ASSERTIONS = NO;
				ENABLE_STRICT_OBJC_MSGSEND = YES;
				GCC_C_LANGUAGE_STANDARD = gnu99;
				GCC_NO_COMMON_BLOCKS = YES;
				GCC_WARN_64_TO_32_BIT_CONVERSION = YES;
				GCC_WARN_ABOUT_RETURN_TYPE = YES_ERROR;
				GCC_WARN_UNDECLARED_SELECTOR = YES;
				GCC_WARN_UNINITIALIZED_AUTOS = YES_AGGRESSIVE;
				GCC_WARN_UNUSED_FUNCTION = YES;
				GCC_WARN_UNUSED_VARIABLE = YES;
				IPHONEOS_DEPLOYMENT_TARGET = 10.2;
				MTL_ENABLE_DEBUG_INFO = NO;
				SDKROOT = iphoneos;
				SWIFT_OPTIMIZATION_LEVEL = "-Owholemodule";
				TARGETED_DEVICE_FAMILY = "1,2";
				VALIDATE_PRODUCT = YES;
			};
			name = Release;
		};
		AC1BC8121E77870D0095276D /* Debug */ = {
			isa = XCBuildConfiguration;
			buildSettings = {
				ASSETCATALOG_COMPILER_APPICON_NAME = AppIcon;
				DEVELOPMENT_TEAM = P3H2N7399X;
				INFOPLIST_FILE = bucketList/Info.plist;
				IPHONEOS_DEPLOYMENT_TARGET = 10.0;
				LD_RUNPATH_SEARCH_PATHS = "$(inherited) @executable_path/Frameworks";
				PRODUCT_BUNDLE_IDENTIFIER = com.CodingDojo.bucketList;
				PRODUCT_NAME = "$(TARGET_NAME)";
				SWIFT_VERSION = 3.0;
			};
			name = Debug;
		};
		AC1BC8131E77870D0095276D /* Release */ = {
			isa = XCBuildConfiguration;
			buildSettings = {
				ASSETCATALOG_COMPILER_APPICON_NAME = AppIcon;
				DEVELOPMENT_TEAM = P3H2N7399X;
				INFOPLIST_FILE = bucketList/Info.plist;
				IPHONEOS_DEPLOYMENT_TARGET = 10.0;
				LD_RUNPATH_SEARCH_PATHS = "$(inherited) @executable_path/Frameworks";
				PRODUCT_BUNDLE_IDENTIFIER = com.CodingDojo.bucketList;
				PRODUCT_NAME = "$(TARGET_NAME)";
				SWIFT_VERSION = 3.0;
			};
			name = Release;
		};
/* End XCBuildConfiguration section */

/* Begin XCConfigurationList section */
		AC1BC7FA1E77870D0095276D /* Build configuration list for PBXProject "bucketList" */ = {
			isa = XCConfigurationList;
			buildConfigurations = (
				AC1BC80F1E77870D0095276D /* Debug */,
				AC1BC8101E77870D0095276D /* Release */,
			);
			defaultConfigurationIsVisible = 0;
			defaultConfigurationName = Release;
		};
		AC1BC8111E77870D0095276D /* Build configuration list for PBXNativeTarget "bucketList" */ = {
			isa = XCConfigurationList;
			buildConfigurations = (
				AC1BC8121E77870D0095276D /* Debug */,
				AC1BC8131E77870D0095276D /* Release */,
			);
			defaultConfigurationIsVisible = 0;
			defaultConfigurationName = Release;
		};
/* End XCConfigurationList section */

/* Begin XCVersionGroup section */
		AC4838BA1E7AE5040049723E /* BucketList.xcdatamodeld */ = {
			isa = XCVersionGroup;
			children = (
				AC4838BB1E7AE5040049723E /* BucketList.xcdatamodel */,
			);
			currentVersion = AC4838BB1E7AE5040049723E /* BucketList.xcdatamodel */;
			path = BucketList.xcdatamodeld;
			sourceTree = "<group>";
			versionGroupType = wrapper.xcdatamodel;
		};
/* End XCVersionGroup section */
	};
	rootObject = AC1BC7F71E77870D0095276D /* Project object */;
}
