// !$*UTF8*$!
{
	archiveVersion = 1;
	classes = {
	};
	objectVersion = 46;
	objects = {

/* Begin PBXBuildFile section */
		AC0C3BC91E85A4730051FD97 /* AppDelegate.swift in Sources */ = {isa = PBXBuildFile; fileRef = AC0C3BC81E85A4730051FD97 /* AppDelegate.swift */; };
		AC0C3BCB1E85A4730051FD97 /* ToBeastViewController.swift in Sources */ = {isa = PBXBuildFile; fileRef = AC0C3BCA1E85A4730051FD97 /* ToBeastViewController.swift */; };
		AC0C3BCE1E85A4730051FD97 /* Main.storyboard in Resources */ = {isa = PBXBuildFile; fileRef = AC0C3BCC1E85A4730051FD97 /* Main.storyboard */; };
		AC0C3BD11E85A4730051FD97 /* BeltExam1.xcdatamodeld in Sources */ = {isa = PBXBuildFile; fileRef = AC0C3BCF1E85A4730051FD97 /* BeltExam1.xcdatamodeld */; };
		AC0C3BD31E85A4730051FD97 /* Assets.xcassets in Resources */ = {isa = PBXBuildFile; fileRef = AC0C3BD21E85A4730051FD97 /* Assets.xcassets */; };
		AC0C3BD61E85A4730051FD97 /* LaunchScreen.storyboard in Resources */ = {isa = PBXBuildFile; fileRef = AC0C3BD41E85A4730051FD97 /* LaunchScreen.storyboard */; };
		AC0C3BDE1E85B9860051FD97 /* ToBeastCell.swift in Sources */ = {isa = PBXBuildFile; fileRef = AC0C3BDD1E85B9860051FD97 /* ToBeastCell.swift */; };
		AC0C3BE01E85BB340051FD97 /* BeastedViewController.swift in Sources */ = {isa = PBXBuildFile; fileRef = AC0C3BDF1E85BB340051FD97 /* BeastedViewController.swift */; };
		AC0C3BE41E85BD020051FD97 /* JustBeastItViewController.swift in Sources */ = {isa = PBXBuildFile; fileRef = AC0C3BE31E85BD020051FD97 /* JustBeastItViewController.swift */; };
/* End PBXBuildFile section */

/* Begin PBXFileReference section */
		AC0C3BC51E85A4730051FD97 /* BeltExam1.app */ = {isa = PBXFileReference; explicitFileType = wrapper.application; includeInIndex = 0; path = BeltExam1.app; sourceTree = BUILT_PRODUCTS_DIR; };
		AC0C3BC81E85A4730051FD97 /* AppDelegate.swift */ = {isa = PBXFileReference; lastKnownFileType = sourcecode.swift; path = AppDelegate.swift; sourceTree = "<group>"; };
		AC0C3BCA1E85A4730051FD97 /* ToBeastViewController.swift */ = {isa = PBXFileReference; lastKnownFileType = sourcecode.swift; path = ToBeastViewController.swift; sourceTree = "<group>"; };
		AC0C3BCD1E85A4730051FD97 /* Base */ = {isa = PBXFileReference; lastKnownFileType = file.storyboard; name = Base; path = Base.lproj/Main.storyboard; sourceTree = "<group>"; };
		AC0C3BD01E85A4730051FD97 /* BeltExam1.xcdatamodel */ = {isa = PBXFileReference; lastKnownFileType = wrapper.xcdatamodel; path = BeltExam1.xcdatamodel; sourceTree = "<group>"; };
		AC0C3BD21E85A4730051FD97 /* Assets.xcassets */ = {isa = PBXFileReference; lastKnownFileType = folder.assetcatalog; path = Assets.xcassets; sourceTree = "<group>"; };
		AC0C3BD51E85A4730051FD97 /* Base */ = {isa = PBXFileReference; lastKnownFileType = file.storyboard; name = Base; path = Base.lproj/LaunchScreen.storyboard; sourceTree = "<group>"; };
		AC0C3BD71E85A4730051FD97 /* Info.plist */ = {isa = PBXFileReference; lastKnownFileType = text.plist.xml; path = Info.plist; sourceTree = "<group>"; };
		AC0C3BDD1E85B9860051FD97 /* ToBeastCell.swift */ = {isa = PBXFileReference; fileEncoding = 4; lastKnownFileType = sourcecode.swift; path = ToBeastCell.swift; sourceTree = "<group>"; };
		AC0C3BDF1E85BB340051FD97 /* BeastedViewController.swift */ = {isa = PBXFileReference; fileEncoding = 4; lastKnownFileType = sourcecode.swift; path = BeastedViewController.swift; sourceTree = "<group>"; };
		AC0C3BE31E85BD020051FD97 /* JustBeastItViewController.swift */ = {isa = PBXFileReference; fileEncoding = 4; lastKnownFileType = sourcecode.swift; path = JustBeastItViewController.swift; sourceTree = "<group>"; };
/* End PBXFileReference section */

/* Begin PBXFrameworksBuildPhase section */
		AC0C3BC21E85A4730051FD97 /* Frameworks */ = {
			isa = PBXFrameworksBuildPhase;
			buildActionMask = 2147483647;
			files = (
			);
			runOnlyForDeploymentPostprocessing = 0;
		};
/* End PBXFrameworksBuildPhase section */

/* Begin PBXGroup section */
		AC0C3BBC1E85A4730051FD97 = {
			isa = PBXGroup;
			children = (
				AC0C3BC71E85A4730051FD97 /* BeltExam1 */,
				AC0C3BC61E85A4730051FD97 /* Products */,
			);
			sourceTree = "<group>";
		};
		AC0C3BC61E85A4730051FD97 /* Products */ = {
			isa = PBXGroup;
			children = (
				AC0C3BC51E85A4730051FD97 /* BeltExam1.app */,
			);
			name = Products;
			sourceTree = "<group>";
		};
		AC0C3BC71E85A4730051FD97 /* BeltExam1 */ = {
			isa = PBXGroup;
			children = (
				AC0C3BC81E85A4730051FD97 /* AppDelegate.swift */,
				AC0C3BCA1E85A4730051FD97 /* ToBeastViewController.swift */,
				AC0C3BDF1E85BB340051FD97 /* BeastedViewController.swift */,
				AC0C3BDD1E85B9860051FD97 /* ToBeastCell.swift */,
				AC0C3BE31E85BD020051FD97 /* JustBeastItViewController.swift */,
				AC0C3BCC1E85A4730051FD97 /* Main.storyboard */,
				AC0C3BD21E85A4730051FD97 /* Assets.xcassets */,
				AC0C3BD41E85A4730051FD97 /* LaunchScreen.storyboard */,
				AC0C3BD71E85A4730051FD97 /* Info.plist */,
				AC0C3BCF1E85A4730051FD97 /* BeltExam1.xcdatamodeld */,
			);
			path = BeltExam1;
			sourceTree = "<group>";
		};
/* End PBXGroup section */

/* Begin PBXNativeTarget section */
		AC0C3BC41E85A4730051FD97 /* BeltExam1 */ = {
			isa = PBXNativeTarget;
			buildConfigurationList = AC0C3BDA1E85A4730051FD97 /* Build configuration list for PBXNativeTarget "BeltExam1" */;
			buildPhases = (
				AC0C3BC11E85A4730051FD97 /* Sources */,
				AC0C3BC21E85A4730051FD97 /* Frameworks */,
				AC0C3BC31E85A4730051FD97 /* Resources */,
			);
			buildRules = (
			);
			dependencies = (
			);
			name = BeltExam1;
			productName = BeltExam1;
			productReference = AC0C3BC51E85A4730051FD97 /* BeltExam1.app */;
			productType = "com.apple.product-type.application";
		};
/* End PBXNativeTarget section */

/* Begin PBXProject section */
		AC0C3BBD1E85A4730051FD97 /* Project object */ = {
			isa = PBXProject;
			attributes = {
				LastSwiftUpdateCheck = 0820;
				LastUpgradeCheck = 0820;
				ORGANIZATIONNAME = "Paul Binneboese";
				TargetAttributes = {
					AC0C3BC41E85A4730051FD97 = {
						CreatedOnToolsVersion = 8.2.1;
						DevelopmentTeam = P3H2N7399X;
						ProvisioningStyle = Automatic;
					};
				};
			};
			buildConfigurationList = AC0C3BC01E85A4730051FD97 /* Build configuration list for PBXProject "BeltExam1" */;
			compatibilityVersion = "Xcode 3.2";
			developmentRegion = English;
			hasScannedForEncodings = 0;
			knownRegions = (
				en,
				Base,
			);
			mainGroup = AC0C3BBC1E85A4730051FD97;
			productRefGroup = AC0C3BC61E85A4730051FD97 /* Products */;
			projectDirPath = "";
			projectRoot = "";
			targets = (
				AC0C3BC41E85A4730051FD97 /* BeltExam1 */,
			);
		};
/* End PBXProject section */

/* Begin PBXResourcesBuildPhase section */
		AC0C3BC31E85A4730051FD97 /* Resources */ = {
			isa = PBXResourcesBuildPhase;
			buildActionMask = 2147483647;
			files = (
				AC0C3BD61E85A4730051FD97 /* LaunchScreen.storyboard in Resources */,
				AC0C3BD31E85A4730051FD97 /* Assets.xcassets in Resources */,
				AC0C3BCE1E85A4730051FD97 /* Main.storyboard in Resources */,
			);
			runOnlyForDeploymentPostprocessing = 0;
		};
/* End PBXResourcesBuildPhase section */

/* Begin PBXSourcesBuildPhase section */
		AC0C3BC11E85A4730051FD97 /* Sources */ = {
			isa = PBXSourcesBuildPhase;
			buildActionMask = 2147483647;
			files = (
				AC0C3BCB1E85A4730051FD97 /* ToBeastViewController.swift in Sources */,
				AC0C3BD11E85A4730051FD97 /* BeltExam1.xcdatamodeld in Sources */,
				AC0C3BE01E85BB340051FD97 /* BeastedViewController.swift in Sources */,
				AC0C3BE41E85BD020051FD97 /* JustBeastItViewController.swift in Sources */,
				AC0C3BDE1E85B9860051FD97 /* ToBeastCell.swift in Sources */,
				AC0C3BC91E85A4730051FD97 /* AppDelegate.swift in Sources */,
			);
			runOnlyForDeploymentPostprocessing = 0;
		};
/* End PBXSourcesBuildPhase section */

/* Begin PBXVariantGroup section */
		AC0C3BCC1E85A4730051FD97 /* Main.storyboard */ = {
			isa = PBXVariantGroup;
			children = (
				AC0C3BCD1E85A4730051FD97 /* Base */,
			);
			name = Main.storyboard;
			sourceTree = "<group>";
		};
		AC0C3BD41E85A4730051FD97 /* LaunchScreen.storyboard */ = {
			isa = PBXVariantGroup;
			children = (
				AC0C3BD51E85A4730051FD97 /* Base */,
			);
			name = LaunchScreen.storyboard;
			sourceTree = "<group>";
		};
/* End PBXVariantGroup section */

/* Begin XCBuildConfiguration section */
		AC0C3BD81E85A4730051FD97 /* Debug */ = {
			isa = XCBuildConfiguration;
			buildSettings = {
				ALWAYS_SEARCH_USER_PATHS = NO;
				CLANG_ANALYZER_NONNULL = YES;
				CLANG_CXX_LANGUAGE_STANDARD = "gnu++0x";
				CLANG_CXX_LIBRARY = "libc++";
				CLANG_ENABLE_MODULES = YES;
				CLANG_ENABLE_OBJC_ARC = YES;
				CLANG_WARN_BOOL_CONVERSION = YES;
				CLANG_WARN_CONSTANT_CONVERSION = YES;
				CLANG_WARN_DIRECT_OBJC_ISA_USAGE = YES_ERROR;
				CLANG_WARN_DOCUMENTATION_COMMENTS = YES;
				CLANG_WARN_EMPTY_BODY = YES;
				CLANG_WARN_ENUM_CONVERSION = YES;
				CLANG_WARN_INFINITE_RECURSION = YES;
				CLANG_WARN_INT_CONVERSION = YES;
				CLANG_WARN_OBJC_ROOT_CLASS = YES_ERROR;
				CLANG_WARN_SUSPICIOUS_MOVE = YES;
				CLANG_WARN_UNREACHABLE_CODE = YES;
				CLANG_WARN__DUPLICATE_METHOD_MATCH = YES;
				"CODE_SIGN_IDENTITY[sdk=iphoneos*]" = "iPhone Developer";
				COPY_PHASE_STRIP = NO;
				DEBUG_INFORMATION_FORMAT = dwarf;
				ENABLE_STRICT_OBJC_MSGSEND = YES;
				ENABLE_TESTABILITY = YES;
				GCC_C_LANGUAGE_STANDARD = gnu99;
				GCC_DYNAMIC_NO_PIC = NO;
				GCC_NO_COMMON_BLOCKS = YES;
				GCC_OPTIMIZATION_LEVEL = 0;
				GCC_PREPROCESSOR_DEFINITIONS = (
					"DEBUG=1",
					"$(inherited)",
				);
				GCC_WARN_64_TO_32_BIT_CONVERSION = YES;
				GCC_WARN_ABOUT_RETURN_TYPE = YES_ERROR;
				GCC_WARN_UNDECLARED_SELECTOR = YES;
				GCC_WARN_UNINITIALIZED_AUTOS = YES_AGGRESSIVE;
				GCC_WARN_UNUSED_FUNCTION = YES;
				GCC_WARN_UNUSED_VARIABLE = YES;
				IPHONEOS_DEPLOYMENT_TARGET = 10.2;
				MTL_ENABLE_DEBUG_INFO = YES;
				ONLY_ACTIVE_ARCH = YES;
				SDKROOT = iphoneos;
				SWIFT_ACTIVE_COMPILATION_CONDITIONS = DEBUG;
				SWIFT_OPTIMIZATION_LEVEL = "-Onone";
				TARGETED_DEVICE_FAMILY = "1,2";
			};
			name = Debug;
		};
		AC0C3BD91E85A4730051FD97 /* Release */ = {
			isa = XCBuildConfiguration;
			buildSettings = {
				ALWAYS_SEARCH_USER_PATHS = NO;
				CLANG_ANALYZER_NONNULL = YES;
				CLANG_CXX_LANGUAGE_STANDARD = "gnu++0x";
				CLANG_CXX_LIBRARY = "libc++";
				CLANG_ENABLE_MODULES = YES;
				CLANG_ENABLE_OBJC_ARC = YES;
				CLANG_WARN_BOOL_CONVERSION = YES;
				CLANG_WARN_CONSTANT_CONVERSION = YES;
				CLANG_WARN_DIRECT_OBJC_ISA_USAGE = YES_ERROR;
				CLANG_WARN_DOCUMENTATION_COMMENTS = YES;
				CLANG_WARN_EMPTY_BODY = YES;
				CLANG_WARN_ENUM_CONVERSION = YES;
				CLANG_WARN_INFINITE_RECURSION = YES;
				CLANG_WARN_INT_CONVERSION = YES;
				CLANG_WARN_OBJC_ROOT_CLASS = YES_ERROR;
				CLANG_WARN_SUSPICIOUS_MOVE = YES;
				CLANG_WARN_UNREACHABLE_CODE = YES;
				CLANG_WARN__DUPLICATE_METHOD_MATCH = YES;
				"CODE_SIGN_IDENTITY[sdk=iphoneos*]" = "iPhone Developer";
				COPY_PHASE_STRIP = NO;
				DEBUG_INFORMATION_FORMAT = "dwarf-with-dsym";
				ENABLE_NS_ASSERTIONS = NO;
				ENABLE_STRICT_OBJC_MSGSEND = YES;
				GCC_C_LANGUAGE_STANDARD = gnu99;
				GCC_NO_COMMON_BLOCKS = YES;
				GCC_WARN_64_TO_32_BIT_CONVERSION = YES;
				GCC_WARN_ABOUT_RETURN_TYPE = YES_ERROR;
				GCC_WARN_UNDECLARED_SELECTOR = YES;
				GCC_WARN_UNINITIALIZED_AUTOS = YES_AGGRESSIVE;
				GCC_WARN_UNUSED_FUNCTION = YES;
				GCC_WARN_UNUSED_VARIABLE = YES;
				IPHONEOS_DEPLOYMENT_TARGET = 10.2;
				MTL_ENABLE_DEBUG_INFO = NO;
				SDKROOT = iphoneos;
				SWIFT_OPTIMIZATION_LEVEL = "-Owholemodule";
				TARGETED_DEVICE_FAMILY = "1,2";
				VALIDATE_PRODUCT = YES;
			};
			name = Release;
		};
		AC0C3BDB1E85A4730051FD97 /* Debug */ = {
			isa = XCBuildConfiguration;
			buildSettings = {
				ASSETCATALOG_COMPILER_APPICON_NAME = AppIcon;
				DEVELOPMENT_TEAM = P3H2N7399X;
				INFOPLIST_FILE = BeltExam1/Info.plist;
				LD_RUNPATH_SEARCH_PATHS = "$(inherited) @executable_path/Frameworks";
				PRODUCT_BUNDLE_IDENTIFIER = com.CodingDojo.BeltExam1;
				PRODUCT_NAME = "$(TARGET_NAME)";
				SWIFT_VERSION = 3.0;
			};
			name = Debug;
		};
		AC0C3BDC1E85A4730051FD97 /* Release */ = {
			isa = XCBuildConfiguration;
			buildSettings = {
				ASSETCATALOG_COMPILER_APPICON_NAME = AppIcon;
				DEVELOPMENT_TEAM = P3H2N7399X;
				INFOPLIST_FILE = BeltExam1/Info.plist;
				LD_RUNPATH_SEARCH_PATHS = "$(inherited) @executable_path/Frameworks";
				PRODUCT_BUNDLE_IDENTIFIER = com.CodingDojo.BeltExam1;
				PRODUCT_NAME = "$(TARGET_NAME)";
				SWIFT_VERSION = 3.0;
			};
			name = Release;
		};
/* End XCBuildConfiguration section */

/* Begin XCConfigurationList section */
		AC0C3BC01E85A4730051FD97 /* Build configuration list for PBXProject "BeltExam1" */ = {
			isa = XCConfigurationList;
			buildConfigurations = (
				AC0C3BD81E85A4730051FD97 /* Debug */,
				AC0C3BD91E85A4730051FD97 /* Release */,
			);
			defaultConfigurationIsVisible = 0;
			defaultConfigurationName = Release;
		};
		AC0C3BDA1E85A4730051FD97 /* Build configuration list for PBXNativeTarget "BeltExam1" */ = {
			isa = XCConfigurationList;
			buildConfigurations = (
				AC0C3BDB1E85A4730051FD97 /* Debug */,
				AC0C3BDC1E85A4730051FD97 /* Release */,
			);
			defaultConfigurationIsVisible = 0;
			defaultConfigurationName = Release;
		};
/* End XCConfigurationList section */

/* Begin XCVersionGroup section */
		AC0C3BCF1E85A4730051FD97 /* BeltExam1.xcdatamodeld */ = {
			isa = XCVersionGroup;
			children = (
				AC0C3BD01E85A4730051FD97 /* BeltExam1.xcdatamodel */,
			);
			currentVersion = AC0C3BD01E85A4730051FD97 /* BeltExam1.xcdatamodel */;
			path = BeltExam1.xcdatamodeld;
			sourceTree = "<group>";
			versionGroupType = wrapper.xcdatamodel;
		};
/* End XCVersionGroup section */
	};
	rootObject = AC0C3BBD1E85A4730051FD97 /* Project object */;
}
